
Microsoft Visual Studio Solution File, Format Version 12.00
# Visual Studio Version 17
VisualStudioVersion = 17.7.34003.232
MinimumVisualStudioVersion = 10.0.40219.1
Project("{9A19103F-16F7-4668-BE54-9A1E7A4F7556}") = "ExcelManager", "ExcelManager\ExcelManager.csproj", "{0C109AB9-43A7-4B8C-83D3-4FB9405513A5}"
EndProject
Project("{9A19103F-16F7-4668-BE54-9A1E7A4F7556}") = "AllineaListoneExecutable", "AllineaListone\AllineaListoneExecutable.csproj", "{225DE26D-E957-4638-91B9-35489AF403A0}"
EndProject
Project("{9A19103F-16F7-4668-BE54-9A1E7A4F7556}") = "FantaculoExecutable", "AllineaPrezziFantaculo\FantaculoExecutable.csproj", "{2EB21FFE-9F33-46CE-978E-E4BC25D6B3AF}"
EndProject
Project("{9A19103F-16F7-4668-BE54-9A1E7A4F7556}") = "FantaLabExecutable", "AllineaPrezziFantaLab\FantaLabExecutable.csproj", "{E2C68FD0-EFC0-4BA9-A4D0-DBBCDEE8F403}"
EndProject
Project("{9A19103F-16F7-4668-BE54-9A1E7A4F7556}") = "CostoAstaPrecedenteExecutable", "CostoAstaPrecedente\CostoAstaPrecedenteExecutable.csproj", "{D4DFB200-2FE4-4848-B111-43B4C09F9C6E}"
EndProject
Project("{9A19103F-16F7-4668-BE54-9A1E7A4F7556}") = "FantaGoatExecutable", "FantaGoat\FantaGoatExecutable.csproj", "{417B996C-F616-4FBD-9CFB-15BC72B60910}"
EndProject
Project("{9A19103F-16F7-4668-BE54-9A1E7A4F7556}") = "AllineaListoneManager", "AllineaListoneManager\AllineaListoneManager.csproj", "{13977401-1776-4759-804A-B90EA177118C}"
EndProject
Project("{2150E333-8FDC-42A3-9474-1A3956D46DE8}") = "AllineaListaGiocatori", "AllineaListaGiocatori", "{DD57E1F9-7D3B-4E5B-933C-3B1B6380AC21}"
EndProject
Project("{2150E333-8FDC-42A3-9474-1A3956D46DE8}") = "AllineaPrezziESlot", "AllineaPrezziESlot", "{E0E12A16-13DF-401B-AEFF-F138097EE8AD}"
EndProject
Project("{2150E333-8FDC-42A3-9474-1A3956D46DE8}") = "FantaLab", "FantaLab", "{477D709C-8BF4-417D-98F0-A3714632A1DB}"
EndProject
Project("{2150E333-8FDC-42A3-9474-1A3956D46DE8}") = "Fantaculo", "Fantaculo", "{4938FF57-4D81-4797-B325-E3B17A33D3F8}"
EndProject
Project("{2150E333-8FDC-42A3-9474-1A3956D46DE8}") = "FantaGoat", "FantaGoat", "{693A9C5F-CB07-4073-B214-571599AE964B}"
EndProject
Project("{2150E333-8FDC-42A3-9474-1A3956D46DE8}") = "AllineaCostoAstaPrecedente", "AllineaCostoAstaPrecedente", "{D9852EC4-5B72-4D0B-AA5E-74442E6B7320}"
EndProject
Project("{9A19103F-16F7-4668-BE54-9A1E7A4F7556}") = "CostoAstaPrecedenteManager", "CostoAstaPrecedenteManager\CostoAstaPrecedenteManager.csproj", "{8F20CCBF-4FB7-4E44-897B-A1D6215E2F8C}"
EndProject
Project("{2150E333-8FDC-42A3-9474-1A3956D46DE8}") = "EseguiBat", "EseguiBat", "{7197F38C-33E3-4788-8123-60662E7C534E}"
EndProject
Project("{FAE04EC0-301F-11D3-BF4B-00C04F79EFBC}") = "EseguiBats", "EseguiBats\EseguiBats.csproj", "{3EE43288-5208-43C1-8075-B38BAC653A0E}"
EndProject
Global
	GlobalSection(SolutionConfigurationPlatforms) = preSolution
		Debug|Any CPU = Debug|Any CPU
		Release|Any CPU = Release|Any CPU
	EndGlobalSection
	GlobalSection(ProjectConfigurationPlatforms) = postSolution
		{0C109AB9-43A7-4B8C-83D3-4FB9405513A5}.Debug|Any CPU.ActiveCfg = Debug|Any CPU
		{0C109AB9-43A7-4B8C-83D3-4FB9405513A5}.Debug|Any CPU.Build.0 = Debug|Any CPU
		{0C109AB9-43A7-4B8C-83D3-4FB9405513A5}.Release|Any CPU.ActiveCfg = Release|Any CPU
		{0C109AB9-43A7-4B8C-83D3-4FB9405513A5}.Release|Any CPU.Build.0 = Release|Any CPU
		{225DE26D-E957-4638-91B9-35489AF403A0}.Debug|Any CPU.ActiveCfg = Debug|Any CPU
		{225DE26D-E957-4638-91B9-35489AF403A0}.Debug|Any CPU.Build.0 = Debug|Any CPU
		{225DE26D-E957-4638-91B9-35489AF403A0}.Release|Any CPU.ActiveCfg = Release|Any CPU
		{225DE26D-E957-4638-91B9-35489AF403A0}.Release|Any CPU.Build.0 = Release|Any CPU
		{2EB21FFE-9F33-46CE-978E-E4BC25D6B3AF}.Debug|Any CPU.ActiveCfg = Debug|Any CPU
		{2EB21FFE-9F33-46CE-978E-E4BC25D6B3AF}.Debug|Any CPU.Build.0 = Debug|Any CPU
		{2EB21FFE-9F33-46CE-978E-E4BC25D6B3AF}.Release|Any CPU.ActiveCfg = Release|Any CPU
		{2EB21FFE-9F33-46CE-978E-E4BC25D6B3AF}.Release|Any CPU.Build.0 = Release|Any CPU
		{E2C68FD0-EFC0-4BA9-A4D0-DBBCDEE8F403}.Debug|Any CPU.ActiveCfg = Debug|Any CPU
		{E2C68FD0-EFC0-4BA9-A4D0-DBBCDEE8F403}.Debug|Any CPU.Build.0 = Debug|Any CPU
		{E2C68FD0-EFC0-4BA9-A4D0-DBBCDEE8F403}.Release|Any CPU.ActiveCfg = Release|Any CPU
		{E2C68FD0-EFC0-4BA9-A4D0-DBBCDEE8F403}.Release|Any CPU.Build.0 = Release|Any CPU
		{D4DFB200-2FE4-4848-B111-43B4C09F9C6E}.Debug|Any CPU.ActiveCfg = Debug|Any CPU
		{D4DFB200-2FE4-4848-B111-43B4C09F9C6E}.Debug|Any CPU.Build.0 = Debug|Any CPU
		{D4DFB200-2FE4-4848-B111-43B4C09F9C6E}.Release|Any CPU.ActiveCfg = Release|Any CPU
		{D4DFB200-2FE4-4848-B111-43B4C09F9C6E}.Release|Any CPU.Build.0 = Release|Any CPU
		{417B996C-F616-4FBD-9CFB-15BC72B60910}.Debug|Any CPU.ActiveCfg = Debug|Any CPU
		{417B996C-F616-4FBD-9CFB-15BC72B60910}.Debug|Any CPU.Build.0 = Debug|Any CPU
		{417B996C-F616-4FBD-9CFB-15BC72B60910}.Release|Any CPU.ActiveCfg = Release|Any CPU
		{417B996C-F616-4FBD-9CFB-15BC72B60910}.Release|Any CPU.Build.0 = Release|Any CPU
		{13977401-1776-4759-804A-B90EA177118C}.Debug|Any CPU.ActiveCfg = Debug|Any CPU
		{13977401-1776-4759-804A-B90EA177118C}.Debug|Any CPU.Build.0 = Debug|Any CPU
		{13977401-1776-4759-804A-B90EA177118C}.Release|Any CPU.ActiveCfg = Release|Any CPU
		{13977401-1776-4759-804A-B90EA177118C}.Release|Any CPU.Build.0 = Release|Any CPU
		{8F20CCBF-4FB7-4E44-897B-A1D6215E2F8C}.Debug|Any CPU.ActiveCfg = Debug|Any CPU
		{8F20CCBF-4FB7-4E44-897B-A1D6215E2F8C}.Debug|Any CPU.Build.0 = Debug|Any CPU
		{8F20CCBF-4FB7-4E44-897B-A1D6215E2F8C}.Release|Any CPU.ActiveCfg = Release|Any CPU
		{8F20CCBF-4FB7-4E44-897B-A1D6215E2F8C}.Release|Any CPU.Build.0 = Release|Any CPU
		{3EE43288-5208-43C1-8075-B38BAC653A0E}.Debug|Any CPU.ActiveCfg = Debug|Any CPU
		{3EE43288-5208-43C1-8075-B38BAC653A0E}.Debug|Any CPU.Build.0 = Debug|Any CPU
		{3EE43288-5208-43C1-8075-B38BAC653A0E}.Release|Any CPU.ActiveCfg = Release|Any CPU
		{3EE43288-5208-43C1-8075-B38BAC653A0E}.Release|Any CPU.Build.0 = Release|Any CPU
	EndGlobalSection
	GlobalSection(SolutionProperties) = preSolution
		HideSolutionNode = FALSE
	EndGlobalSection
	GlobalSection(NestedProjects) = preSolution
		{225DE26D-E957-4638-91B9-35489AF403A0} = {DD57E1F9-7D3B-4E5B-933C-3B1B6380AC21}
		{2EB21FFE-9F33-46CE-978E-E4BC25D6B3AF} = {4938FF57-4D81-4797-B325-E3B17A33D3F8}
		{E2C68FD0-EFC0-4BA9-A4D0-DBBCDEE8F403} = {477D709C-8BF4-417D-98F0-A3714632A1DB}
		{D4DFB200-2FE4-4848-B111-43B4C09F9C6E} = {D9852EC4-5B72-4D0B-AA5E-74442E6B7320}
		{417B996C-F616-4FBD-9CFB-15BC72B60910} = {693A9C5F-CB07-4073-B214-571599AE964B}
		{13977401-1776-4759-804A-B90EA177118C} = {DD57E1F9-7D3B-4E5B-933C-3B1B6380AC21}
		{477D709C-8BF4-417D-98F0-A3714632A1DB} = {E0E12A16-13DF-401B-AEFF-F138097EE8AD}
		{4938FF57-4D81-4797-B325-E3B17A33D3F8} = {E0E12A16-13DF-401B-AEFF-F138097EE8AD}
		{693A9C5F-CB07-4073-B214-571599AE964B} = {E0E12A16-13DF-401B-AEFF-F138097EE8AD}
		{8F20CCBF-4FB7-4E44-897B-A1D6215E2F8C} = {D9852EC4-5B72-4D0B-AA5E-74442E6B7320}
		{3EE43288-5208-43C1-8075-B38BAC653A0E} = {7197F38C-33E3-4788-8123-60662E7C534E}
	EndGlobalSection
	GlobalSection(ExtensibilityGlobals) = postSolution
		SolutionGuid = {67250AD3-FB52-412C-B637-2BD350866D61}
	EndGlobalSection
EndGlobal
