
Microsoft Visual Studio Solution File, Format Version 12.00
# Visual Studio Version 17
VisualStudioVersion = 17.7.34003.232
MinimumVisualStudioVersion = 10.0.40219.1
Project("{FAE04EC0-301F-11D3-BF4B-00C04F79EFBC}") = "ConfrontoListaFanta", "ConfrontoListaFanta\ConfrontoListaFanta.csproj", "{A7AD7669-8AFA-4406-9695-3A077959F5C9}"
EndProject
Project("{9A19103F-16F7-4668-BE54-9A1E7A4F7556}") = "ExcelManager", "ExcelManager\ExcelManager.csproj", "{0C109AB9-43A7-4B8C-83D3-4FB9405513A5}"
EndProject
Project("{9A19103F-16F7-4668-BE54-9A1E7A4F7556}") = "AllineaListone", "AllineaListone\AllineaListone.csproj", "{225DE26D-E957-4638-91B9-35489AF403A0}"
EndProject
Project("{9A19103F-16F7-4668-BE54-9A1E7A4F7556}") = "AllineaPrezziFantaculo", "AllineaPrezziFantaculo\AllineaPrezziFantaculo.csproj", "{2EB21FFE-9F33-46CE-978E-E4BC25D6B3AF}"
EndProject
Project("{9A19103F-16F7-4668-BE54-9A1E7A4F7556}") = "AllineaPrezziFantaLab", "AllineaPrezziFantaLab\AllineaPrezziFantaLab.csproj", "{E2C68FD0-EFC0-4BA9-A4D0-DBBCDEE8F403}"
EndProject
Global
	GlobalSection(SolutionConfigurationPlatforms) = preSolution
		Debug|Any CPU = Debug|Any CPU
		Release|Any CPU = Release|Any CPU
	EndGlobalSection
	GlobalSection(ProjectConfigurationPlatforms) = postSolution
		{A7AD7669-8AFA-4406-9695-3A077959F5C9}.Debug|Any CPU.ActiveCfg = Debug|Any CPU
		{A7AD7669-8AFA-4406-9695-3A077959F5C9}.Debug|Any CPU.Build.0 = Debug|Any CPU
		{A7AD7669-8AFA-4406-9695-3A077959F5C9}.Release|Any CPU.ActiveCfg = Release|Any CPU
		{A7AD7669-8AFA-4406-9695-3A077959F5C9}.Release|Any CPU.Build.0 = Release|Any CPU
		{0C109AB9-43A7-4B8C-83D3-4FB9405513A5}.Debug|Any CPU.ActiveCfg = Debug|Any CPU
		{0C109AB9-43A7-4B8C-83D3-4FB9405513A5}.Debug|Any CPU.Build.0 = Debug|Any CPU
		{0C109AB9-43A7-4B8C-83D3-4FB9405513A5}.Release|Any CPU.ActiveCfg = Release|Any CPU
		{0C109AB9-43A7-4B8C-83D3-4FB9405513A5}.Release|Any CPU.Build.0 = Release|Any CPU
		{225DE26D-E957-4638-91B9-35489AF403A0}.Debug|Any CPU.ActiveCfg = Debug|Any CPU
		{225DE26D-E957-4638-91B9-35489AF403A0}.Debug|Any CPU.Build.0 = Debug|Any CPU
		{225DE26D-E957-4638-91B9-35489AF403A0}.Release|Any CPU.ActiveCfg = Release|Any CPU
		{225DE26D-E957-4638-91B9-35489AF403A0}.Release|Any CPU.Build.0 = Release|Any CPU
		{2EB21FFE-9F33-46CE-978E-E4BC25D6B3AF}.Debug|Any CPU.ActiveCfg = Debug|Any CPU
		{2EB21FFE-9F33-46CE-978E-E4BC25D6B3AF}.Debug|Any CPU.Build.0 = Debug|Any CPU
		{2EB21FFE-9F33-46CE-978E-E4BC25D6B3AF}.Release|Any CPU.ActiveCfg = Release|Any CPU
		{2EB21FFE-9F33-46CE-978E-E4BC25D6B3AF}.Release|Any CPU.Build.0 = Release|Any CPU
		{E2C68FD0-EFC0-4BA9-A4D0-DBBCDEE8F403}.Debug|Any CPU.ActiveCfg = Debug|Any CPU
		{E2C68FD0-EFC0-4BA9-A4D0-DBBCDEE8F403}.Debug|Any CPU.Build.0 = Debug|Any CPU
		{E2C68FD0-EFC0-4BA9-A4D0-DBBCDEE8F403}.Release|Any CPU.ActiveCfg = Release|Any CPU
		{E2C68FD0-EFC0-4BA9-A4D0-DBBCDEE8F403}.Release|Any CPU.Build.0 = Release|Any CPU
	EndGlobalSection
	GlobalSection(SolutionProperties) = preSolution
		HideSolutionNode = FALSE
	EndGlobalSection
	GlobalSection(ExtensibilityGlobals) = postSolution
		SolutionGuid = {67250AD3-FB52-412C-B637-2BD350866D61}
	EndGlobalSection
EndGlobal
